
Microsoft Visual Studio Solution File, Format Version 12.00
# Visual Studio Version 16
VisualStudioVersion = 16.0.30413.136
MinimumVisualStudioVersion = 10.0.40219.1
Project("{2150E333-8FDC-42A3-9474-1A3956D46DE8}") = "0-Presentation", "0-Presentation", "{9545F202-78A6-4930-86C7-ADF5A09E1A78}"
EndProject
Project("{2150E333-8FDC-42A3-9474-1A3956D46DE8}") = "1-Services", "1-Services", "{4AA7561D-1CA2-4CCA-9B68-93B9055FD971}"
EndProject
Project("{2150E333-8FDC-42A3-9474-1A3956D46DE8}") = "2-Application", "2-Application", "{6D80C83F-2258-428E-9C8B-48BEFA946EE7}"
EndProject
Project("{2150E333-8FDC-42A3-9474-1A3956D46DE8}") = "3-Domain", "3-Domain", "{50C29988-B89B-462E-82C4-C99FB0BD5995}"
EndProject
Project("{2150E333-8FDC-42A3-9474-1A3956D46DE8}") = "4-Infra", "4-Infra", "{EE4B48E7-6F93-4F1A-8EFF-3B7A30A4B91E}"
EndProject
Project("{2150E333-8FDC-42A3-9474-1A3956D46DE8}") = "4.1-Data", "4.1-Data", "{AC96A310-CB67-4C7A-898A-56BA34D9C24D}"
EndProject
Project("{2150E333-8FDC-42A3-9474-1A3956D46DE8}") = "4.1-CrossCutting", "4.1-CrossCutting", "{460B1DC3-DD6E-4FEE-AD2B-397048F26B8D}"
EndProject
Project("{FAE04EC0-301F-11D3-BF4B-00C04F79EFBC}") = "DDD.MVC", "DDD.MVC\DDD.MVC.csproj", "{EC0A8B3E-1D1C-4484-9D70-0D6981ECDEEA}"
EndProject
Project("{FAE04EC0-301F-11D3-BF4B-00C04F79EFBC}") = "DDD.Infra.Data", "DDD.Infra.Data\DDD.Infra.Data.csproj", "{CDDE5024-16C4-41E5-9294-0E5A9D92EC4C}"
EndProject
Project("{FAE04EC0-301F-11D3-BF4B-00C04F79EFBC}") = "DDD.Domian", "DDD.Domian\DDD.Domian.csproj", "{57219C96-ED57-4345-B02A-78CEFBCF239F}"
EndProject
Project("{FAE04EC0-301F-11D3-BF4B-00C04F79EFBC}") = "DDD.Application", "DDD.Application\DDD.Application.csproj", "{03FC4AFC-C336-401C-B303-9287FE471CE0}"
EndProject
Global
	GlobalSection(SolutionConfigurationPlatforms) = preSolution
		Debug|Any CPU = Debug|Any CPU
		Release|Any CPU = Release|Any CPU
	EndGlobalSection
	GlobalSection(ProjectConfigurationPlatforms) = postSolution
		{EC0A8B3E-1D1C-4484-9D70-0D6981ECDEEA}.Debug|Any CPU.ActiveCfg = Debug|Any CPU
		{EC0A8B3E-1D1C-4484-9D70-0D6981ECDEEA}.Debug|Any CPU.Build.0 = Debug|Any CPU
		{EC0A8B3E-1D1C-4484-9D70-0D6981ECDEEA}.Release|Any CPU.ActiveCfg = Release|Any CPU
		{EC0A8B3E-1D1C-4484-9D70-0D6981ECDEEA}.Release|Any CPU.Build.0 = Release|Any CPU
		{CDDE5024-16C4-41E5-9294-0E5A9D92EC4C}.Debug|Any CPU.ActiveCfg = Debug|Any CPU
		{CDDE5024-16C4-41E5-9294-0E5A9D92EC4C}.Debug|Any CPU.Build.0 = Debug|Any CPU
		{CDDE5024-16C4-41E5-9294-0E5A9D92EC4C}.Release|Any CPU.ActiveCfg = Release|Any CPU
		{CDDE5024-16C4-41E5-9294-0E5A9D92EC4C}.Release|Any CPU.Build.0 = Release|Any CPU
		{57219C96-ED57-4345-B02A-78CEFBCF239F}.Debug|Any CPU.ActiveCfg = Debug|Any CPU
		{57219C96-ED57-4345-B02A-78CEFBCF239F}.Debug|Any CPU.Build.0 = Debug|Any CPU
		{57219C96-ED57-4345-B02A-78CEFBCF239F}.Release|Any CPU.ActiveCfg = Release|Any CPU
		{57219C96-ED57-4345-B02A-78CEFBCF239F}.Release|Any CPU.Build.0 = Release|Any CPU
		{03FC4AFC-C336-401C-B303-9287FE471CE0}.Debug|Any CPU.ActiveCfg = Debug|Any CPU
		{03FC4AFC-C336-401C-B303-9287FE471CE0}.Debug|Any CPU.Build.0 = Debug|Any CPU
		{03FC4AFC-C336-401C-B303-9287FE471CE0}.Release|Any CPU.ActiveCfg = Release|Any CPU
		{03FC4AFC-C336-401C-B303-9287FE471CE0}.Release|Any CPU.Build.0 = Release|Any CPU
	EndGlobalSection
	GlobalSection(SolutionProperties) = preSolution
		HideSolutionNode = FALSE
	EndGlobalSection
	GlobalSection(NestedProjects) = preSolution
		{AC96A310-CB67-4C7A-898A-56BA34D9C24D} = {EE4B48E7-6F93-4F1A-8EFF-3B7A30A4B91E}
		{460B1DC3-DD6E-4FEE-AD2B-397048F26B8D} = {EE4B48E7-6F93-4F1A-8EFF-3B7A30A4B91E}
		{EC0A8B3E-1D1C-4484-9D70-0D6981ECDEEA} = {9545F202-78A6-4930-86C7-ADF5A09E1A78}
		{CDDE5024-16C4-41E5-9294-0E5A9D92EC4C} = {AC96A310-CB67-4C7A-898A-56BA34D9C24D}
		{57219C96-ED57-4345-B02A-78CEFBCF239F} = {50C29988-B89B-462E-82C4-C99FB0BD5995}
		{03FC4AFC-C336-401C-B303-9287FE471CE0} = {6D80C83F-2258-428E-9C8B-48BEFA946EE7}
	EndGlobalSection
	GlobalSection(ExtensibilityGlobals) = postSolution
		SolutionGuid = {503520A0-62EC-491C-95C0-0FA4B21ABB15}
	EndGlobalSection
EndGlobal
